<?xml version="1.0" encoding="utf-8"?>
<Project ToolsVersion="4.0" xmlns="http://schemas.microsoft.com/developer/msbuild/2003">
  <ItemGroup>
    <ClCompile Include="ADX2Le.cpp" />
    <ClCompile Include="Direct3D.cpp" />
    <ClCompile Include="DirectXTK.cpp" />
    <ClCompile Include="Game\GameClear.cpp" />
    <ClCompile Include="Game\GameMain.cpp" />
    <ClCompile Include="Game\GameOver.cpp" />
    <ClCompile Include="Game\GamePlay.cpp" />
    <ClCompile Include="Game\GameTitle.cpp" />
    <ClCompile Include="Game\MoveBlock.cpp" />
    <ClCompile Include="Game\ObjectBase.cpp" />
    <ClCompile Include="Game\Object\Burner.cpp" />
    <ClCompile Include="Game\Object\Press.cpp" />
    <ClCompile Include="Game\Object\SidePress.cpp" />
    <ClCompile Include="Game\Player.cpp" />
    <ClCompile Include="Game\Stage\Stage.cpp" />
    <ClCompile Include="ImaseLib\FPSTimer.cpp" />
    <ClCompile Include="Main.cpp" />
    <ClCompile Include="Texture.cpp" />
    <ClCompile Include="Game\Camera.cpp" />
<<<<<<< HEAD
    <ClCompile Include="Game\Object\Water.cpp" />
    <ClCompile Include="Game\Object\Goal.cpp" />
=======
    <ClCompile Include="Game\Switch.cpp" />
    <ClCompile Include="Game\Wind.cpp" />
>>>>>>> dcdb7408cfe0e4e72d45104516d15c56c094013d
  </ItemGroup>
  <ItemGroup>
    <ClInclude Include="ADX2Le.h" />
    <ClInclude Include="Direct3D.h" />
    <ClInclude Include="DirectXTK.h" />
    <ClInclude Include="Game\CueSheet_0.h" />
    <ClInclude Include="Game\GameBase.h" />
    <ClInclude Include="Game\GameClear.h" />
    <ClInclude Include="Game\GameMain.h" />
    <ClInclude Include="Game\GameOver.h" />
    <ClInclude Include="Game\GamePlay.h" />
    <ClInclude Include="Game\GameTitle.h" />
    <ClInclude Include="Game\MoveBlock.h" />
    <ClInclude Include="Game\ObjectBase.h" />
    <ClInclude Include="Game\Object\Burner.h" />
    <ClInclude Include="Game\Object\Press.h" />
    <ClInclude Include="Game\Object\SidePress.h" />
    <ClInclude Include="Game\Player.h" />
    <ClInclude Include="Game\Stage\Stage.h" />
    <ClInclude Include="ImaseLib\FPSTimer.h" />
    <ClInclude Include="MemoryLeakDetector.h" />
    <ClInclude Include="Texture.h" />
    <ClInclude Include="Game\Camera.h" />
<<<<<<< HEAD
    <ClInclude Include="Game\Object\Water.h" />
    <ClInclude Include="Game\Object\Goal.h" />
=======
    <ClInclude Include="Game\Switch.h" />
    <ClInclude Include="Game\Wind.h" />
>>>>>>> dcdb7408cfe0e4e72d45104516d15c56c094013d
  </ItemGroup>
  <ItemGroup>
    <None Include="myfile.spritefont" />
  </ItemGroup>
</Project>